
Microsoft Visual Studio Solution File, Format Version 12.00
# Visual Studio Version 16
VisualStudioVersion = 16.0.29519.87
MinimumVisualStudioVersion = 10.0.40219.1
Project("{FAE04EC0-301F-11D3-BF4B-00C04F79EFBC}") = "task6", "task6\task6.csproj", "{0ACA0BED-8E16-4F59-AFD1-BD28BA6C27FF}"
EndProject
Global
	GlobalSection(SolutionConfigurationPlatforms) = preSolution
		Debug|Any CPU = Debug|Any CPU
		Release|Any CPU = Release|Any CPU
	EndGlobalSection
	GlobalSection(ProjectConfigurationPlatforms) = postSolution
		{0ACA0BED-8E16-4F59-AFD1-BD28BA6C27FF}.Debug|Any CPU.ActiveCfg = Debug|Any CPU
		{0ACA0BED-8E16-4F59-AFD1-BD28BA6C27FF}.Debug|Any CPU.Build.0 = Debug|Any CPU
		{0ACA0BED-8E16-4F59-AFD1-BD28BA6C27FF}.Release|Any CPU.ActiveCfg = Release|Any CPU
		{0ACA0BED-8E16-4F59-AFD1-BD28BA6C27FF}.Release|Any CPU.Build.0 = Release|Any CPU
	EndGlobalSection
	GlobalSection(SolutionProperties) = preSolution
		HideSolutionNode = FALSE
	EndGlobalSection
	GlobalSection(ExtensibilityGlobals) = postSolution
		SolutionGuid = {FB0E65BC-35EB-4398-87C0-9AEE77F9596F}
	EndGlobalSection
EndGlobal
