
Microsoft Visual Studio Solution File, Format Version 12.00
# Visual Studio Version 16
VisualStudioVersion = 16.0.29324.140
MinimumVisualStudioVersion = 10.0.40219.1
Project("{FAE04EC0-301F-11D3-BF4B-00C04F79EFBC}") = "task7", "task7\task7.csproj", "{5330F072-A677-4D3B-8048-6070C7F92EB6}"
EndProject
Global
	GlobalSection(SolutionConfigurationPlatforms) = preSolution
		Debug|Any CPU = Debug|Any CPU
		Release|Any CPU = Release|Any CPU
	EndGlobalSection
	GlobalSection(ProjectConfigurationPlatforms) = postSolution
		{5330F072-A677-4D3B-8048-6070C7F92EB6}.Debug|Any CPU.ActiveCfg = Debug|Any CPU
		{5330F072-A677-4D3B-8048-6070C7F92EB6}.Debug|Any CPU.Build.0 = Debug|Any CPU
		{5330F072-A677-4D3B-8048-6070C7F92EB6}.Release|Any CPU.ActiveCfg = Release|Any CPU
		{5330F072-A677-4D3B-8048-6070C7F92EB6}.Release|Any CPU.Build.0 = Release|Any CPU
	EndGlobalSection
	GlobalSection(SolutionProperties) = preSolution
		HideSolutionNode = FALSE
	EndGlobalSection
	GlobalSection(ExtensibilityGlobals) = postSolution
		SolutionGuid = {3BDE5A01-A7D0-4AA2-949D-7568796EED50}
	EndGlobalSection
EndGlobal
