
Microsoft Visual Studio Solution File, Format Version 12.00
# Visual Studio Version 16
VisualStudioVersion = 16.0.29318.209
MinimumVisualStudioVersion = 10.0.40219.1
Project("{FAE04EC0-301F-11D3-BF4B-00C04F79EFBC}") = "WindowsFormsApp1", "WindowsFormsApp1\WindowsFormsApp1.csproj", "{19BB9833-15FD-43A2-ACDC-862B5EA4087B}"
EndProject
Global
	GlobalSection(SolutionConfigurationPlatforms) = preSolution
		Debug|Any CPU = Debug|Any CPU
		Release|Any CPU = Release|Any CPU
	EndGlobalSection
	GlobalSection(ProjectConfigurationPlatforms) = postSolution
		{19BB9833-15FD-43A2-ACDC-862B5EA4087B}.Debug|Any CPU.ActiveCfg = Debug|Any CPU
		{19BB9833-15FD-43A2-ACDC-862B5EA4087B}.Debug|Any CPU.Build.0 = Debug|Any CPU
		{19BB9833-15FD-43A2-ACDC-862B5EA4087B}.Release|Any CPU.ActiveCfg = Release|Any CPU
		{19BB9833-15FD-43A2-ACDC-862B5EA4087B}.Release|Any CPU.Build.0 = Release|Any CPU
	EndGlobalSection
	GlobalSection(SolutionProperties) = preSolution
		HideSolutionNode = FALSE
	EndGlobalSection
	GlobalSection(ExtensibilityGlobals) = postSolution
		SolutionGuid = {EC484AA6-7247-4E52-93EF-CC08AAE40A5E}
	EndGlobalSection
EndGlobal
