
Microsoft Visual Studio Solution File, Format Version 12.00
# Visual Studio Version 16
VisualStudioVersion = 16.0.29613.14
MinimumVisualStudioVersion = 10.0.40219.1
Project("{FAE04EC0-301F-11D3-BF4B-00C04F79EFBC}") = "task4", "task4\task4.csproj", "{7F1178E6-8C34-4461-B0AD-A2F2529BD18D}"
EndProject
Global
	GlobalSection(SolutionConfigurationPlatforms) = preSolution
		Debug|Any CPU = Debug|Any CPU
		Release|Any CPU = Release|Any CPU
	EndGlobalSection
	GlobalSection(ProjectConfigurationPlatforms) = postSolution
		{7F1178E6-8C34-4461-B0AD-A2F2529BD18D}.Debug|Any CPU.ActiveCfg = Debug|Any CPU
		{7F1178E6-8C34-4461-B0AD-A2F2529BD18D}.Debug|Any CPU.Build.0 = Debug|Any CPU
		{7F1178E6-8C34-4461-B0AD-A2F2529BD18D}.Release|Any CPU.ActiveCfg = Release|Any CPU
		{7F1178E6-8C34-4461-B0AD-A2F2529BD18D}.Release|Any CPU.Build.0 = Release|Any CPU
	EndGlobalSection
	GlobalSection(SolutionProperties) = preSolution
		HideSolutionNode = FALSE
	EndGlobalSection
	GlobalSection(ExtensibilityGlobals) = postSolution
		SolutionGuid = {FA5F0F30-8661-4B88-B598-3729C0909C16}
	EndGlobalSection
EndGlobal
