
Microsoft Visual Studio Solution File, Format Version 12.00
# Visual Studio Version 16
VisualStudioVersion = 16.0.29324.140
MinimumVisualStudioVersion = 10.0.40219.1
Project("{FAE04EC0-301F-11D3-BF4B-00C04F79EFBC}") = "task1", "task1\task1.csproj", "{E1875E4A-8B5E-48C9-BEB8-E5EA3109A236}"
EndProject
Global
	GlobalSection(SolutionConfigurationPlatforms) = preSolution
		Debug|Any CPU = Debug|Any CPU
		Release|Any CPU = Release|Any CPU
	EndGlobalSection
	GlobalSection(ProjectConfigurationPlatforms) = postSolution
		{E1875E4A-8B5E-48C9-BEB8-E5EA3109A236}.Debug|Any CPU.ActiveCfg = Debug|Any CPU
		{E1875E4A-8B5E-48C9-BEB8-E5EA3109A236}.Debug|Any CPU.Build.0 = Debug|Any CPU
		{E1875E4A-8B5E-48C9-BEB8-E5EA3109A236}.Release|Any CPU.ActiveCfg = Release|Any CPU
		{E1875E4A-8B5E-48C9-BEB8-E5EA3109A236}.Release|Any CPU.Build.0 = Release|Any CPU
	EndGlobalSection
	GlobalSection(SolutionProperties) = preSolution
		HideSolutionNode = FALSE
	EndGlobalSection
	GlobalSection(ExtensibilityGlobals) = postSolution
		SolutionGuid = {B6A0F8CF-44EB-4501-9346-1E6E4D585532}
	EndGlobalSection
EndGlobal
