
Microsoft Visual Studio Solution File, Format Version 12.00
# Visual Studio Version 16
VisualStudioVersion = 16.0.29324.140
MinimumVisualStudioVersion = 10.0.40219.1
Project("{FAE04EC0-301F-11D3-BF4B-00C04F79EFBC}") = "task6", "task6\task6.csproj", "{9E518588-B57E-4C39-B3E7-86743D795A60}"
EndProject
Global
	GlobalSection(SolutionConfigurationPlatforms) = preSolution
		Debug|Any CPU = Debug|Any CPU
		Release|Any CPU = Release|Any CPU
	EndGlobalSection
	GlobalSection(ProjectConfigurationPlatforms) = postSolution
		{9E518588-B57E-4C39-B3E7-86743D795A60}.Debug|Any CPU.ActiveCfg = Debug|Any CPU
		{9E518588-B57E-4C39-B3E7-86743D795A60}.Debug|Any CPU.Build.0 = Debug|Any CPU
		{9E518588-B57E-4C39-B3E7-86743D795A60}.Release|Any CPU.ActiveCfg = Release|Any CPU
		{9E518588-B57E-4C39-B3E7-86743D795A60}.Release|Any CPU.Build.0 = Release|Any CPU
	EndGlobalSection
	GlobalSection(SolutionProperties) = preSolution
		HideSolutionNode = FALSE
	EndGlobalSection
	GlobalSection(ExtensibilityGlobals) = postSolution
		SolutionGuid = {A1086C04-D581-47F5-876A-4CFA9A696B86}
	EndGlobalSection
EndGlobal
