
Microsoft Visual Studio Solution File, Format Version 12.00
# Visual Studio Version 16
VisualStudioVersion = 16.0.29324.140
MinimumVisualStudioVersion = 10.0.40219.1
Project("{FAE04EC0-301F-11D3-BF4B-00C04F79EFBC}") = "task83", "task83\task83.csproj", "{7E28B087-F74D-4609-AEE8-9283FD228DF8}"
EndProject
Global
	GlobalSection(SolutionConfigurationPlatforms) = preSolution
		Debug|Any CPU = Debug|Any CPU
		Release|Any CPU = Release|Any CPU
	EndGlobalSection
	GlobalSection(ProjectConfigurationPlatforms) = postSolution
		{7E28B087-F74D-4609-AEE8-9283FD228DF8}.Debug|Any CPU.ActiveCfg = Debug|Any CPU
		{7E28B087-F74D-4609-AEE8-9283FD228DF8}.Debug|Any CPU.Build.0 = Debug|Any CPU
		{7E28B087-F74D-4609-AEE8-9283FD228DF8}.Release|Any CPU.ActiveCfg = Release|Any CPU
		{7E28B087-F74D-4609-AEE8-9283FD228DF8}.Release|Any CPU.Build.0 = Release|Any CPU
	EndGlobalSection
	GlobalSection(SolutionProperties) = preSolution
		HideSolutionNode = FALSE
	EndGlobalSection
	GlobalSection(ExtensibilityGlobals) = postSolution
		SolutionGuid = {CD90A1AB-197A-46C1-A64C-EAB0FAF9E928}
	EndGlobalSection
EndGlobal
