
Microsoft Visual Studio Solution File, Format Version 12.00
# Visual Studio Version 16
VisualStudioVersion = 16.0.29324.140
MinimumVisualStudioVersion = 10.0.40219.1
Project("{FAE04EC0-301F-11D3-BF4B-00C04F79EFBC}") = "task2", "task2\task2.csproj", "{929351E6-F0B5-497B-A1E2-9FEA9E883DD7}"
EndProject
Global
	GlobalSection(SolutionConfigurationPlatforms) = preSolution
		Debug|Any CPU = Debug|Any CPU
		Release|Any CPU = Release|Any CPU
	EndGlobalSection
	GlobalSection(ProjectConfigurationPlatforms) = postSolution
		{929351E6-F0B5-497B-A1E2-9FEA9E883DD7}.Debug|Any CPU.ActiveCfg = Debug|Any CPU
		{929351E6-F0B5-497B-A1E2-9FEA9E883DD7}.Debug|Any CPU.Build.0 = Debug|Any CPU
		{929351E6-F0B5-497B-A1E2-9FEA9E883DD7}.Release|Any CPU.ActiveCfg = Release|Any CPU
		{929351E6-F0B5-497B-A1E2-9FEA9E883DD7}.Release|Any CPU.Build.0 = Release|Any CPU
	EndGlobalSection
	GlobalSection(SolutionProperties) = preSolution
		HideSolutionNode = FALSE
	EndGlobalSection
	GlobalSection(ExtensibilityGlobals) = postSolution
		SolutionGuid = {C3E1566F-718D-431B-892F-4FDE27BA133F}
	EndGlobalSection
EndGlobal
