
Microsoft Visual Studio Solution File, Format Version 12.00
# Visual Studio Version 16
VisualStudioVersion = 16.0.29613.14
MinimumVisualStudioVersion = 10.0.40219.1
Project("{FAE04EC0-301F-11D3-BF4B-00C04F79EFBC}") = "task2", "task2\task2.csproj", "{57CBFFCA-8550-4071-8F85-A9A818707EDA}"
EndProject
Global
	GlobalSection(SolutionConfigurationPlatforms) = preSolution
		Debug|Any CPU = Debug|Any CPU
		Release|Any CPU = Release|Any CPU
	EndGlobalSection
	GlobalSection(ProjectConfigurationPlatforms) = postSolution
		{57CBFFCA-8550-4071-8F85-A9A818707EDA}.Debug|Any CPU.ActiveCfg = Debug|Any CPU
		{57CBFFCA-8550-4071-8F85-A9A818707EDA}.Debug|Any CPU.Build.0 = Debug|Any CPU
		{57CBFFCA-8550-4071-8F85-A9A818707EDA}.Release|Any CPU.ActiveCfg = Release|Any CPU
		{57CBFFCA-8550-4071-8F85-A9A818707EDA}.Release|Any CPU.Build.0 = Release|Any CPU
	EndGlobalSection
	GlobalSection(SolutionProperties) = preSolution
		HideSolutionNode = FALSE
	EndGlobalSection
	GlobalSection(ExtensibilityGlobals) = postSolution
		SolutionGuid = {CE826603-2786-4F43-988C-85AB6218AB2D}
	EndGlobalSection
EndGlobal
