
Microsoft Visual Studio Solution File, Format Version 12.00
# Visual Studio Version 16
VisualStudioVersion = 16.0.29613.14
MinimumVisualStudioVersion = 10.0.40219.1
Project("{FAE04EC0-301F-11D3-BF4B-00C04F79EFBC}") = "WindowsFormsApp1", "WindowsFormsApp1\WindowsFormsApp1.csproj", "{26FD98F8-C930-4305-AAC2-DFD16C1AD632}"
EndProject
Global
	GlobalSection(SolutionConfigurationPlatforms) = preSolution
		Debug|Any CPU = Debug|Any CPU
		Release|Any CPU = Release|Any CPU
	EndGlobalSection
	GlobalSection(ProjectConfigurationPlatforms) = postSolution
		{26FD98F8-C930-4305-AAC2-DFD16C1AD632}.Debug|Any CPU.ActiveCfg = Debug|Any CPU
		{26FD98F8-C930-4305-AAC2-DFD16C1AD632}.Debug|Any CPU.Build.0 = Debug|Any CPU
		{26FD98F8-C930-4305-AAC2-DFD16C1AD632}.Release|Any CPU.ActiveCfg = Release|Any CPU
		{26FD98F8-C930-4305-AAC2-DFD16C1AD632}.Release|Any CPU.Build.0 = Release|Any CPU
	EndGlobalSection
	GlobalSection(SolutionProperties) = preSolution
		HideSolutionNode = FALSE
	EndGlobalSection
	GlobalSection(ExtensibilityGlobals) = postSolution
		SolutionGuid = {4C9CB718-95AD-469D-96DF-11B8E21797D7}
	EndGlobalSection
EndGlobal
